// !$*UTF8*$!
{
	archiveVersion = 1;
	classes = {
	};
	objectVersion = 48;
	objects = {

/* Begin PBXBuildFile section */
		4DC6C7161FF1D22B0079200D /* Piano_C.wav in Resources */ = {isa = PBXBuildFile; fileRef = 4DC6C7151FF1D22B0079200D /* Piano_C.wav */; };
		CC3DD31E1FE9E16E00E6F250 /* AppDelegate.swift in Sources */ = {isa = PBXBuildFile; fileRef = CC3DD31D1FE9E16E00E6F250 /* AppDelegate.swift */; };
		CC3DD3201FE9E16E00E6F250 /* ViewController.swift in Sources */ = {isa = PBXBuildFile; fileRef = CC3DD31F1FE9E16E00E6F250 /* ViewController.swift */; };
		CC3DD3231FE9E16E00E6F250 /* Main.storyboard in Resources */ = {isa = PBXBuildFile; fileRef = CC3DD3211FE9E16E00E6F250 /* Main.storyboard */; };
		CC3DD3251FE9E16E00E6F250 /* Assets.xcassets in Resources */ = {isa = PBXBuildFile; fileRef = CC3DD3241FE9E16E00E6F250 /* Assets.xcassets */; };
		CC3DD3281FE9E16E00E6F250 /* LaunchScreen.storyboard in Resources */ = {isa = PBXBuildFile; fileRef = CC3DD3261FE9E16E00E6F250 /* LaunchScreen.storyboard */; };
		CC3DD3331FE9E16E00E6F250 /* Regular_KeyboardTests.swift in Sources */ = {isa = PBXBuildFile; fileRef = CC3DD3321FE9E16E00E6F250 /* Regular_KeyboardTests.swift */; };
		CC3DD33E1FE9E16E00E6F250 /* Regular_KeyboardUITests.swift in Sources */ = {isa = PBXBuildFile; fileRef = CC3DD33D1FE9E16E00E6F250 /* Regular_KeyboardUITests.swift */; };
		CC3DD3521FE9E4F400E6F250 /* KeyboardViewController.swift in Sources */ = {isa = PBXBuildFile; fileRef = CC3DD3511FE9E4F400E6F250 /* KeyboardViewController.swift */; };
		CC3DD3561FE9E4F400E6F250 /* keyboard.appex in Embed App Extensions */ = {isa = PBXBuildFile; fileRef = CC3DD34F1FE9E4F400E6F250 /* keyboard.appex */; settings = {ATTRIBUTES = (RemoveHeadersOnCopy, ); }; };
		CCC90E1A1FEC7BF900717388 /* AVFoundation.framework in Frameworks */ = {isa = PBXBuildFile; fileRef = CCC90E191FEC7BF800717388 /* AVFoundation.framework */; };
		CCD544471FE9E89F00C5C0C4 /* View.xib in Resources */ = {isa = PBXBuildFile; fileRef = CCD544461FE9E89F00C5C0C4 /* View.xib */; };
/* End PBXBuildFile section */

/* Begin PBXContainerItemProxy section */
		CC3DD32F1FE9E16E00E6F250 /* PBXContainerItemProxy */ = {
			isa = PBXContainerItemProxy;
			containerPortal = CC3DD3121FE9E16E00E6F250 /* Project object */;
			proxyType = 1;
			remoteGlobalIDString = CC3DD3191FE9E16E00E6F250;
			remoteInfo = "Regular Keyboard";
		};
		CC3DD33A1FE9E16E00E6F250 /* PBXContainerItemProxy */ = {
			isa = PBXContainerItemProxy;
			containerPortal = CC3DD3121FE9E16E00E6F250 /* Project object */;
			proxyType = 1;
			remoteGlobalIDString = CC3DD3191FE9E16E00E6F250;
			remoteInfo = "Regular Keyboard";
		};
		CC3DD3541FE9E4F400E6F250 /* PBXContainerItemProxy */ = {
			isa = PBXContainerItemProxy;
			containerPortal = CC3DD3121FE9E16E00E6F250 /* Project object */;
			proxyType = 1;
			remoteGlobalIDString = CC3DD34E1FE9E4F400E6F250;
			remoteInfo = keyboard;
		};
/* End PBXContainerItemProxy section */

/* Begin PBXCopyFilesBuildPhase section */
		CC3DD35A1FE9E4F400E6F250 /* Embed App Extensions */ = {
			isa = PBXCopyFilesBuildPhase;
			buildActionMask = 2147483647;
			dstPath = "";
			dstSubfolderSpec = 13;
			files = (
				CC3DD3561FE9E4F400E6F250 /* keyboard.appex in Embed App Extensions */,
			);
			name = "Embed App Extensions";
			runOnlyForDeploymentPostprocessing = 0;
		};
/* End PBXCopyFilesBuildPhase section */

/* Begin PBXFileReference section */
		4DC6C7151FF1D22B0079200D /* Piano_C.wav */ = {isa = PBXFileReference; lastKnownFileType = audio.wav; path = Piano_C.wav; sourceTree = "<group>"; };
		CC3DD31A1FE9E16E00E6F250 /* Regular Keyboard.app */ = {isa = PBXFileReference; explicitFileType = wrapper.application; includeInIndex = 0; path = "Regular Keyboard.app"; sourceTree = BUILT_PRODUCTS_DIR; };
		CC3DD31D1FE9E16E00E6F250 /* AppDelegate.swift */ = {isa = PBXFileReference; lastKnownFileType = sourcecode.swift; path = AppDelegate.swift; sourceTree = "<group>"; };
		CC3DD31F1FE9E16E00E6F250 /* ViewController.swift */ = {isa = PBXFileReference; lastKnownFileType = sourcecode.swift; path = ViewController.swift; sourceTree = "<group>"; };
		CC3DD3221FE9E16E00E6F250 /* Base */ = {isa = PBXFileReference; lastKnownFileType = file.storyboard; name = Base; path = Base.lproj/Main.storyboard; sourceTree = "<group>"; };
		CC3DD3241FE9E16E00E6F250 /* Assets.xcassets */ = {isa = PBXFileReference; lastKnownFileType = folder.assetcatalog; path = Assets.xcassets; sourceTree = "<group>"; };
		CC3DD3271FE9E16E00E6F250 /* Base */ = {isa = PBXFileReference; lastKnownFileType = file.storyboard; name = Base; path = Base.lproj/LaunchScreen.storyboard; sourceTree = "<group>"; };
		CC3DD3291FE9E16E00E6F250 /* Info.plist */ = {isa = PBXFileReference; lastKnownFileType = text.plist.xml; path = Info.plist; sourceTree = "<group>"; };
		CC3DD32E1FE9E16E00E6F250 /* Regular KeyboardTests.xctest */ = {isa = PBXFileReference; explicitFileType = wrapper.cfbundle; includeInIndex = 0; path = "Regular KeyboardTests.xctest"; sourceTree = BUILT_PRODUCTS_DIR; };
		CC3DD3321FE9E16E00E6F250 /* Regular_KeyboardTests.swift */ = {isa = PBXFileReference; lastKnownFileType = sourcecode.swift; path = Regular_KeyboardTests.swift; sourceTree = "<group>"; };
		CC3DD3341FE9E16E00E6F250 /* Info.plist */ = {isa = PBXFileReference; lastKnownFileType = text.plist.xml; path = Info.plist; sourceTree = "<group>"; };
		CC3DD3391FE9E16E00E6F250 /* Regular KeyboardUITests.xctest */ = {isa = PBXFileReference; explicitFileType = wrapper.cfbundle; includeInIndex = 0; path = "Regular KeyboardUITests.xctest"; sourceTree = BUILT_PRODUCTS_DIR; };
		CC3DD33D1FE9E16E00E6F250 /* Regular_KeyboardUITests.swift */ = {isa = PBXFileReference; lastKnownFileType = sourcecode.swift; path = Regular_KeyboardUITests.swift; sourceTree = "<group>"; };
		CC3DD33F1FE9E16E00E6F250 /* Info.plist */ = {isa = PBXFileReference; lastKnownFileType = text.plist.xml; path = Info.plist; sourceTree = "<group>"; };
		CC3DD34F1FE9E4F400E6F250 /* keyboard.appex */ = {isa = PBXFileReference; explicitFileType = "wrapper.app-extension"; includeInIndex = 0; path = keyboard.appex; sourceTree = BUILT_PRODUCTS_DIR; };
		CC3DD3511FE9E4F400E6F250 /* KeyboardViewController.swift */ = {isa = PBXFileReference; lastKnownFileType = sourcecode.swift; path = KeyboardViewController.swift; sourceTree = "<group>"; };
		CC3DD3531FE9E4F400E6F250 /* Info.plist */ = {isa = PBXFileReference; lastKnownFileType = text.plist.xml; path = Info.plist; sourceTree = "<group>"; };
		CC77751F1FEC9DEC00BE3A48 /* keyboard.entitlements */ = {isa = PBXFileReference; lastKnownFileType = text.plist.entitlements; path = keyboard.entitlements; sourceTree = "<group>"; };
		CC7775201FEC9E3A00BE3A48 /* Regular Keyboard.entitlements */ = {isa = PBXFileReference; lastKnownFileType = text.plist.entitlements; path = "Regular Keyboard.entitlements"; sourceTree = "<group>"; };
		CCC90E191FEC7BF800717388 /* AVFoundation.framework */ = {isa = PBXFileReference; lastKnownFileType = wrapper.framework; name = AVFoundation.framework; path = System/Library/Frameworks/AVFoundation.framework; sourceTree = SDKROOT; };
		CCD544461FE9E89F00C5C0C4 /* View.xib */ = {isa = PBXFileReference; lastKnownFileType = file.xib; path = View.xib; sourceTree = "<group>"; };
/* End PBXFileReference section */

/* Begin PBXFrameworksBuildPhase section */
		CC3DD3171FE9E16E00E6F250 /* Frameworks */ = {
			isa = PBXFrameworksBuildPhase;
			buildActionMask = 2147483647;
			files = (
			);
			runOnlyForDeploymentPostprocessing = 0;
		};
		CC3DD32B1FE9E16E00E6F250 /* Frameworks */ = {
			isa = PBXFrameworksBuildPhase;
			buildActionMask = 2147483647;
			files = (
			);
			runOnlyForDeploymentPostprocessing = 0;
		};
		CC3DD3361FE9E16E00E6F250 /* Frameworks */ = {
			isa = PBXFrameworksBuildPhase;
			buildActionMask = 2147483647;
			files = (
			);
			runOnlyForDeploymentPostprocessing = 0;
		};
		CC3DD34C1FE9E4F400E6F250 /* Frameworks */ = {
			isa = PBXFrameworksBuildPhase;
			buildActionMask = 2147483647;
			files = (
				CCC90E1A1FEC7BF900717388 /* AVFoundation.framework in Frameworks */,
			);
			runOnlyForDeploymentPostprocessing = 0;
		};
/* End PBXFrameworksBuildPhase section */

/* Begin PBXGroup section */
		CC3DD3111FE9E16E00E6F250 = {
			isa = PBXGroup;
			children = (
				CC3DD31C1FE9E16E00E6F250 /* Regular Keyboard */,
				CC3DD3311FE9E16E00E6F250 /* Regular KeyboardTests */,
				CC3DD33C1FE9E16E00E6F250 /* Regular KeyboardUITests */,
				CC3DD3501FE9E4F400E6F250 /* keyboard */,
				CC3DD31B1FE9E16E00E6F250 /* Products */,
				CCC90E181FEC7BF700717388 /* Frameworks */,
			);
			sourceTree = "<group>";
		};
		CC3DD31B1FE9E16E00E6F250 /* Products */ = {
			isa = PBXGroup;
			children = (
				CC3DD31A1FE9E16E00E6F250 /* Regular Keyboard.app */,
				CC3DD32E1FE9E16E00E6F250 /* Regular KeyboardTests.xctest */,
				CC3DD3391FE9E16E00E6F250 /* Regular KeyboardUITests.xctest */,
				CC3DD34F1FE9E4F400E6F250 /* keyboard.appex */,
			);
			name = Products;
			sourceTree = "<group>";
		};
		CC3DD31C1FE9E16E00E6F250 /* Regular Keyboard */ = {
			isa = PBXGroup;
			children = (
				CC7775201FEC9E3A00BE3A48 /* Regular Keyboard.entitlements */,
				CC3DD31D1FE9E16E00E6F250 /* AppDelegate.swift */,
				CC3DD31F1FE9E16E00E6F250 /* ViewController.swift */,
				CC3DD3211FE9E16E00E6F250 /* Main.storyboard */,
				CC3DD3241FE9E16E00E6F250 /* Assets.xcassets */,
				CC3DD3261FE9E16E00E6F250 /* LaunchScreen.storyboard */,
				CC3DD3291FE9E16E00E6F250 /* Info.plist */,
			);
			path = "Regular Keyboard";
			sourceTree = "<group>";
		};
		CC3DD3311FE9E16E00E6F250 /* Regular KeyboardTests */ = {
			isa = PBXGroup;
			children = (
				CC3DD3321FE9E16E00E6F250 /* Regular_KeyboardTests.swift */,
				CC3DD3341FE9E16E00E6F250 /* Info.plist */,
			);
			path = "Regular KeyboardTests";
			sourceTree = "<group>";
		};
		CC3DD33C1FE9E16E00E6F250 /* Regular KeyboardUITests */ = {
			isa = PBXGroup;
			children = (
				CC3DD33D1FE9E16E00E6F250 /* Regular_KeyboardUITests.swift */,
				CC3DD33F1FE9E16E00E6F250 /* Info.plist */,
			);
			path = "Regular KeyboardUITests";
			sourceTree = "<group>";
		};
		CC3DD3501FE9E4F400E6F250 /* keyboard */ = {
			isa = PBXGroup;
			children = (
				4DC6C7151FF1D22B0079200D /* Piano_C.wav */,
				CC77751F1FEC9DEC00BE3A48 /* keyboard.entitlements */,
				CCD544461FE9E89F00C5C0C4 /* View.xib */,
				CC3DD3511FE9E4F400E6F250 /* KeyboardViewController.swift */,
				CC3DD3531FE9E4F400E6F250 /* Info.plist */,
			);
			path = keyboard;
			sourceTree = "<group>";
		};
		CCC90E181FEC7BF700717388 /* Frameworks */ = {
			isa = PBXGroup;
			children = (
				CCC90E191FEC7BF800717388 /* AVFoundation.framework */,
			);
			name = Frameworks;
			sourceTree = "<group>";
		};
/* End PBXGroup section */

/* Begin PBXNativeTarget section */
		CC3DD3191FE9E16E00E6F250 /* Regular Keyboard */ = {
			isa = PBXNativeTarget;
			buildConfigurationList = CC3DD3421FE9E16E00E6F250 /* Build configuration list for PBXNativeTarget "Regular Keyboard" */;
			buildPhases = (
				CC3DD3161FE9E16E00E6F250 /* Sources */,
				CC3DD3171FE9E16E00E6F250 /* Frameworks */,
				CC3DD3181FE9E16E00E6F250 /* Resources */,
				CC3DD35A1FE9E4F400E6F250 /* Embed App Extensions */,
			);
			buildRules = (
			);
			dependencies = (
				CC3DD3551FE9E4F400E6F250 /* PBXTargetDependency */,
			);
			name = "Regular Keyboard";
			productName = "Regular Keyboard";
			productReference = CC3DD31A1FE9E16E00E6F250 /* Regular Keyboard.app */;
			productType = "com.apple.product-type.application";
		};
		CC3DD32D1FE9E16E00E6F250 /* Regular KeyboardTests */ = {
			isa = PBXNativeTarget;
			buildConfigurationList = CC3DD3451FE9E16E00E6F250 /* Build configuration list for PBXNativeTarget "Regular KeyboardTests" */;
			buildPhases = (
				CC3DD32A1FE9E16E00E6F250 /* Sources */,
				CC3DD32B1FE9E16E00E6F250 /* Frameworks */,
				CC3DD32C1FE9E16E00E6F250 /* Resources */,
			);
			buildRules = (
			);
			dependencies = (
				CC3DD3301FE9E16E00E6F250 /* PBXTargetDependency */,
			);
			name = "Regular KeyboardTests";
			productName = "Regular KeyboardTests";
			productReference = CC3DD32E1FE9E16E00E6F250 /* Regular KeyboardTests.xctest */;
			productType = "com.apple.product-type.bundle.unit-test";
		};
		CC3DD3381FE9E16E00E6F250 /* Regular KeyboardUITests */ = {
			isa = PBXNativeTarget;
			buildConfigurationList = CC3DD3481FE9E16E00E6F250 /* Build configuration list for PBXNativeTarget "Regular KeyboardUITests" */;
			buildPhases = (
				CC3DD3351FE9E16E00E6F250 /* Sources */,
				CC3DD3361FE9E16E00E6F250 /* Frameworks */,
				CC3DD3371FE9E16E00E6F250 /* Resources */,
			);
			buildRules = (
			);
			dependencies = (
				CC3DD33B1FE9E16E00E6F250 /* PBXTargetDependency */,
			);
			name = "Regular KeyboardUITests";
			productName = "Regular KeyboardUITests";
			productReference = CC3DD3391FE9E16E00E6F250 /* Regular KeyboardUITests.xctest */;
			productType = "com.apple.product-type.bundle.ui-testing";
		};
		CC3DD34E1FE9E4F400E6F250 /* keyboard */ = {
			isa = PBXNativeTarget;
			buildConfigurationList = CC3DD3571FE9E4F400E6F250 /* Build configuration list for PBXNativeTarget "keyboard" */;
			buildPhases = (
				CC3DD34B1FE9E4F400E6F250 /* Sources */,
				CC3DD34C1FE9E4F400E6F250 /* Frameworks */,
				CC3DD34D1FE9E4F400E6F250 /* Resources */,
			);
			buildRules = (
			);
			dependencies = (
			);
			name = keyboard;
			productName = keyboard;
			productReference = CC3DD34F1FE9E4F400E6F250 /* keyboard.appex */;
			productType = "com.apple.product-type.app-extension";
		};
/* End PBXNativeTarget section */

/* Begin PBXProject section */
		CC3DD3121FE9E16E00E6F250 /* Project object */ = {
			isa = PBXProject;
			attributes = {
				LastSwiftUpdateCheck = 0920;
				LastUpgradeCheck = 0920;
				ORGANIZATIONNAME = "Michael Haviv";
				TargetAttributes = {
					CC3DD3191FE9E16E00E6F250 = {
						CreatedOnToolsVersion = 9.2;
						ProvisioningStyle = Automatic;
						SystemCapabilities = {
							com.apple.ApplicationGroups.iOS = {
								enabled = 1;
							};
						};
					};
					CC3DD32D1FE9E16E00E6F250 = {
						CreatedOnToolsVersion = 9.2;
						ProvisioningStyle = Automatic;
						TestTargetID = CC3DD3191FE9E16E00E6F250;
					};
					CC3DD3381FE9E16E00E6F250 = {
						CreatedOnToolsVersion = 9.2;
						ProvisioningStyle = Automatic;
						TestTargetID = CC3DD3191FE9E16E00E6F250;
					};
					CC3DD34E1FE9E4F400E6F250 = {
						CreatedOnToolsVersion = 9.2;
						ProvisioningStyle = Automatic;
						SystemCapabilities = {
							com.apple.ApplicationGroups.iOS = {
								enabled = 1;
							};
						};
					};
				};
			};
			buildConfigurationList = CC3DD3151FE9E16E00E6F250 /* Build configuration list for PBXProject "Regular Keyboard" */;
			compatibilityVersion = "Xcode 8.0";
			developmentRegion = en;
			hasScannedForEncodings = 0;
			knownRegions = (
				en,
				Base,
			);
			mainGroup = CC3DD3111FE9E16E00E6F250;
			productRefGroup = CC3DD31B1FE9E16E00E6F250 /* Products */;
			projectDirPath = "";
			projectRoot = "";
			targets = (
				CC3DD3191FE9E16E00E6F250 /* Regular Keyboard */,
				CC3DD32D1FE9E16E00E6F250 /* Regular KeyboardTests */,
				CC3DD3381FE9E16E00E6F250 /* Regular KeyboardUITests */,
				CC3DD34E1FE9E4F400E6F250 /* keyboard */,
			);
		};
/* End PBXProject section */

/* Begin PBXResourcesBuildPhase section */
		CC3DD3181FE9E16E00E6F250 /* Resources */ = {
			isa = PBXResourcesBuildPhase;
			buildActionMask = 2147483647;
			files = (
				CC3DD3281FE9E16E00E6F250 /* LaunchScreen.storyboard in Resources */,
				CC3DD3251FE9E16E00E6F250 /* Assets.xcassets in Resources */,
				CC3DD3231FE9E16E00E6F250 /* Main.storyboard in Resources */,
			);
			runOnlyForDeploymentPostprocessing = 0;
		};
		CC3DD32C1FE9E16E00E6F250 /* Resources */ = {
			isa = PBXResourcesBuildPhase;
			buildActionMask = 2147483647;
			files = (
			);
			runOnlyForDeploymentPostprocessing = 0;
		};
		CC3DD3371FE9E16E00E6F250 /* Resources */ = {
			isa = PBXResourcesBuildPhase;
			buildActionMask = 2147483647;
			files = (
			);
			runOnlyForDeploymentPostprocessing = 0;
		};
		CC3DD34D1FE9E4F400E6F250 /* Resources */ = {
			isa = PBXResourcesBuildPhase;
			buildActionMask = 2147483647;
			files = (
				4DC6C7161FF1D22B0079200D /* Piano_C.wav in Resources */,
				CCD544471FE9E89F00C5C0C4 /* View.xib in Resources */,
			);
			runOnlyForDeploymentPostprocessing = 0;
		};
/* End PBXResourcesBuildPhase section */

/* Begin PBXSourcesBuildPhase section */
		CC3DD3161FE9E16E00E6F250 /* Sources */ = {
			isa = PBXSourcesBuildPhase;
			buildActionMask = 2147483647;
			files = (
				CC3DD3201FE9E16E00E6F250 /* ViewController.swift in Sources */,
				CC3DD31E1FE9E16E00E6F250 /* AppDelegate.swift in Sources */,
			);
			runOnlyForDeploymentPostprocessing = 0;
		};
		CC3DD32A1FE9E16E00E6F250 /* Sources */ = {
			isa = PBXSourcesBuildPhase;
			buildActionMask = 2147483647;
			files = (
				CC3DD3331FE9E16E00E6F250 /* Regular_KeyboardTests.swift in Sources */,
			);
			runOnlyForDeploymentPostprocessing = 0;
		};
		CC3DD3351FE9E16E00E6F250 /* Sources */ = {
			isa = PBXSourcesBuildPhase;
			buildActionMask = 2147483647;
			files = (
				CC3DD33E1FE9E16E00E6F250 /* Regular_KeyboardUITests.swift in Sources */,
			);
			runOnlyForDeploymentPostprocessing = 0;
		};
		CC3DD34B1FE9E4F400E6F250 /* Sources */ = {
			isa = PBXSourcesBuildPhase;
			buildActionMask = 2147483647;
			files = (
				CC3DD3521FE9E4F400E6F250 /* KeyboardViewController.swift in Sources */,
			);
			runOnlyForDeploymentPostprocessing = 0;
		};
/* End PBXSourcesBuildPhase section */

/* Begin PBXTargetDependency section */
		CC3DD3301FE9E16E00E6F250 /* PBXTargetDependency */ = {
			isa = PBXTargetDependency;
			target = CC3DD3191FE9E16E00E6F250 /* Regular Keyboard */;
			targetProxy = CC3DD32F1FE9E16E00E6F250 /* PBXContainerItemProxy */;
		};
		CC3DD33B1FE9E16E00E6F250 /* PBXTargetDependency */ = {
			isa = PBXTargetDependency;
			target = CC3DD3191FE9E16E00E6F250 /* Regular Keyboard */;
			targetProxy = CC3DD33A1FE9E16E00E6F250 /* PBXContainerItemProxy */;
		};
		CC3DD3551FE9E4F400E6F250 /* PBXTargetDependency */ = {
			isa = PBXTargetDependency;
			target = CC3DD34E1FE9E4F400E6F250 /* keyboard */;
			targetProxy = CC3DD3541FE9E4F400E6F250 /* PBXContainerItemProxy */;
		};
/* End PBXTargetDependency section */

/* Begin PBXVariantGroup section */
		CC3DD3211FE9E16E00E6F250 /* Main.storyboard */ = {
			isa = PBXVariantGroup;
			children = (
				CC3DD3221FE9E16E00E6F250 /* Base */,
			);
			name = Main.storyboard;
			sourceTree = "<group>";
		};
		CC3DD3261FE9E16E00E6F250 /* LaunchScreen.storyboard */ = {
			isa = PBXVariantGroup;
			children = (
				CC3DD3271FE9E16E00E6F250 /* Base */,
			);
			name = LaunchScreen.storyboard;
			sourceTree = "<group>";
		};
/* End PBXVariantGroup section */

/* Begin XCBuildConfiguration section */
		CC3DD3401FE9E16E00E6F250 /* Debug */ = {
			isa = XCBuildConfiguration;
			buildSettings = {
				ALWAYS_SEARCH_USER_PATHS = NO;
				CLANG_ANALYZER_NONNULL = YES;
				CLANG_ANALYZER_NUMBER_OBJECT_CONVERSION = YES_AGGRESSIVE;
				CLANG_CXX_LANGUAGE_STANDARD = "gnu++14";
				CLANG_CXX_LIBRARY = "libc++";
				CLANG_ENABLE_MODULES = YES;
				CLANG_ENABLE_OBJC_ARC = YES;
				CLANG_WARN_BLOCK_CAPTURE_AUTORELEASING = YES;
				CLANG_WARN_BOOL_CONVERSION = YES;
				CLANG_WARN_COMMA = YES;
				CLANG_WARN_CONSTANT_CONVERSION = YES;
				CLANG_WARN_DIRECT_OBJC_ISA_USAGE = YES_ERROR;
				CLANG_WARN_DOCUMENTATION_COMMENTS = YES;
				CLANG_WARN_EMPTY_BODY = YES;
				CLANG_WARN_ENUM_CONVERSION = YES;
				CLANG_WARN_INFINITE_RECURSION = YES;
				CLANG_WARN_INT_CONVERSION = YES;
				CLANG_WARN_NON_LITERAL_NULL_CONVERSION = YES;
				CLANG_WARN_OBJC_LITERAL_CONVERSION = YES;
				CLANG_WARN_OBJC_ROOT_CLASS = YES_ERROR;
				CLANG_WARN_RANGE_LOOP_ANALYSIS = YES;
				CLANG_WARN_STRICT_PROTOTYPES = YES;
				CLANG_WARN_SUSPICIOUS_MOVE = YES;
				CLANG_WARN_UNGUARDED_AVAILABILITY = YES_AGGRESSIVE;
				CLANG_WARN_UNREACHABLE_CODE = YES;
				CLANG_WARN__DUPLICATE_METHOD_MATCH = YES;
				CODE_SIGN_IDENTITY = "iPhone Developer";
				COPY_PHASE_STRIP = NO;
				DEBUG_INFORMATION_FORMAT = dwarf;
				ENABLE_STRICT_OBJC_MSGSEND = YES;
				ENABLE_TESTABILITY = YES;
				GCC_C_LANGUAGE_STANDARD = gnu11;
				GCC_DYNAMIC_NO_PIC = NO;
				GCC_NO_COMMON_BLOCKS = YES;
				GCC_OPTIMIZATION_LEVEL = 0;
				GCC_PREPROCESSOR_DEFINITIONS = (
					"DEBUG=1",
					"$(inherited)",
				);
				GCC_WARN_64_TO_32_BIT_CONVERSION = YES;
				GCC_WARN_ABOUT_RETURN_TYPE = YES_ERROR;
				GCC_WARN_UNDECLARED_SELECTOR = YES;
				GCC_WARN_UNINITIALIZED_AUTOS = YES_AGGRESSIVE;
				GCC_WARN_UNUSED_FUNCTION = YES;
				GCC_WARN_UNUSED_VARIABLE = YES;
				IPHONEOS_DEPLOYMENT_TARGET = 11.2;
				MTL_ENABLE_DEBUG_INFO = YES;
				ONLY_ACTIVE_ARCH = YES;
				SDKROOT = iphoneos;
				SWIFT_ACTIVE_COMPILATION_CONDITIONS = DEBUG;
				SWIFT_OPTIMIZATION_LEVEL = "-Onone";
			};
			name = Debug;
		};
		CC3DD3411FE9E16E00E6F250 /* Release */ = {
			isa = XCBuildConfiguration;
			buildSettings = {
				ALWAYS_SEARCH_USER_PATHS = NO;
				CLANG_ANALYZER_NONNULL = YES;
				CLANG_ANALYZER_NUMBER_OBJECT_CONVERSION = YES_AGGRESSIVE;
				CLANG_CXX_LANGUAGE_STANDARD = "gnu++14";
				CLANG_CXX_LIBRARY = "libc++";
				CLANG_ENABLE_MODULES = YES;
				CLANG_ENABLE_OBJC_ARC = YES;
				CLANG_WARN_BLOCK_CAPTURE_AUTORELEASING = YES;
				CLANG_WARN_BOOL_CONVERSION = YES;
				CLANG_WARN_COMMA = YES;
				CLANG_WARN_CONSTANT_CONVERSION = YES;
				CLANG_WARN_DIRECT_OBJC_ISA_USAGE = YES_ERROR;
				CLANG_WARN_DOCUMENTATION_COMMENTS = YES;
				CLANG_WARN_EMPTY_BODY = YES;
				CLANG_WARN_ENUM_CONVERSION = YES;
				CLANG_WARN_INFINITE_RECURSION = YES;
				CLANG_WARN_INT_CONVERSION = YES;
				CLANG_WARN_NON_LITERAL_NULL_CONVERSION = YES;
				CLANG_WARN_OBJC_LITERAL_CONVERSION = YES;
				CLANG_WARN_OBJC_ROOT_CLASS = YES_ERROR;
				CLANG_WARN_RANGE_LOOP_ANALYSIS = YES;
				CLANG_WARN_STRICT_PROTOTYPES = YES;
				CLANG_WARN_SUSPICIOUS_MOVE = YES;
				CLANG_WARN_UNGUARDED_AVAILABILITY = YES_AGGRESSIVE;
				CLANG_WARN_UNREACHABLE_CODE = YES;
				CLANG_WARN__DUPLICATE_METHOD_MATCH = YES;
				CODE_SIGN_IDENTITY = "iPhone Developer";
				COPY_PHASE_STRIP = NO;
				DEBUG_INFORMATION_FORMAT = "dwarf-with-dsym";
				ENABLE_NS_ASSERTIONS = NO;
				ENABLE_STRICT_OBJC_MSGSEND = YES;
				GCC_C_LANGUAGE_STANDARD = gnu11;
				GCC_NO_COMMON_BLOCKS = YES;
				GCC_WARN_64_TO_32_BIT_CONVERSION = YES;
				GCC_WARN_ABOUT_RETURN_TYPE = YES_ERROR;
				GCC_WARN_UNDECLARED_SELECTOR = YES;
				GCC_WARN_UNINITIALIZED_AUTOS = YES_AGGRESSIVE;
				GCC_WARN_UNUSED_FUNCTION = YES;
				GCC_WARN_UNUSED_VARIABLE = YES;
				IPHONEOS_DEPLOYMENT_TARGET = 11.2;
				MTL_ENABLE_DEBUG_INFO = NO;
				SDKROOT = iphoneos;
				SWIFT_OPTIMIZATION_LEVEL = "-Owholemodule";
				VALIDATE_PRODUCT = YES;
			};
			name = Release;
		};
		CC3DD3431FE9E16E00E6F250 /* Debug */ = {
			isa = XCBuildConfiguration;
			buildSettings = {
				ALWAYS_EMBED_SWIFT_STANDARD_LIBRARIES = YES;
				ASSETCATALOG_COMPILER_APPICON_NAME = AppIcon;
				CODE_SIGN_ENTITLEMENTS = "Regular Keyboard/Regular Keyboard.entitlements";
				CODE_SIGN_STYLE = Automatic;
				DEVELOPMENT_TEAM = "";
				INFOPLIST_FILE = "Regular Keyboard/Info.plist";
				LD_RUNPATH_SEARCH_PATHS = "$(inherited) @executable_path/Frameworks";
				PRODUCT_BUNDLE_IDENTIFIER = "com.MichaelHaviv.Regular-Keyboard";
				PRODUCT_NAME = "$(TARGET_NAME)";
				SWIFT_VERSION = 4.0;
				TARGETED_DEVICE_FAMILY = "1,2";
			};
			name = Debug;
		};
		CC3DD3441FE9E16E00E6F250 /* Release */ = {
			isa = XCBuildConfiguration;
			buildSettings = {
				ALWAYS_EMBED_SWIFT_STANDARD_LIBRARIES = YES;
				ASSETCATALOG_COMPILER_APPICON_NAME = AppIcon;
				CODE_SIGN_ENTITLEMENTS = "Regular Keyboard/Regular Keyboard.entitlements";
				CODE_SIGN_STYLE = Automatic;
				DEVELOPMENT_TEAM = "";
				INFOPLIST_FILE = "Regular Keyboard/Info.plist";
				LD_RUNPATH_SEARCH_PATHS = "$(inherited) @executable_path/Frameworks";
				PRODUCT_BUNDLE_IDENTIFIER = "com.MichaelHaviv.Regular-Keyboard";
				PRODUCT_NAME = "$(TARGET_NAME)";
				SWIFT_VERSION = 4.0;
				TARGETED_DEVICE_FAMILY = "1,2";
			};
			name = Release;
		};
		CC3DD3461FE9E16E00E6F250 /* Debug */ = {
			isa = XCBuildConfiguration;
			buildSettings = {
				ALWAYS_EMBED_SWIFT_STANDARD_LIBRARIES = YES;
				BUNDLE_LOADER = "$(TEST_HOST)";
				CODE_SIGN_STYLE = Automatic;
				INFOPLIST_FILE = "Regular KeyboardTests/Info.plist";
				LD_RUNPATH_SEARCH_PATHS = "$(inherited) @executable_path/Frameworks @loader_path/Frameworks";
				PRODUCT_BUNDLE_IDENTIFIER = "com.MichaelHaviv.Regular-KeyboardTests";
				PRODUCT_NAME = "$(TARGET_NAME)";
				SWIFT_VERSION = 4.0;
				TARGETED_DEVICE_FAMILY = "1,2";
				TEST_HOST = "$(BUILT_PRODUCTS_DIR)/Regular Keyboard.app/Regular Keyboard";
			};
			name = Debug;
		};
		CC3DD3471FE9E16E00E6F250 /* Release */ = {
			isa = XCBuildConfiguration;
			buildSettings = {
				ALWAYS_EMBED_SWIFT_STANDARD_LIBRARIES = YES;
				BUNDLE_LOADER = "$(TEST_HOST)";
				CODE_SIGN_STYLE = Automatic;
				INFOPLIST_FILE = "Regular KeyboardTests/Info.plist";
				LD_RUNPATH_SEARCH_PATHS = "$(inherited) @executable_path/Frameworks @loader_path/Frameworks";
				PRODUCT_BUNDLE_IDENTIFIER = "com.MichaelHaviv.Regular-KeyboardTests";
				PRODUCT_NAME = "$(TARGET_NAME)";
				SWIFT_VERSION = 4.0;
				TARGETED_DEVICE_FAMILY = "1,2";
				TEST_HOST = "$(BUILT_PRODUCTS_DIR)/Regular Keyboard.app/Regular Keyboard";
			};
			name = Release;
		};
		CC3DD3491FE9E16E00E6F250 /* Debug */ = {
			isa = XCBuildConfiguration;
			buildSettings = {
				ALWAYS_EMBED_SWIFT_STANDARD_LIBRARIES = YES;
				CODE_SIGN_STYLE = Automatic;
				INFOPLIST_FILE = "Regular KeyboardUITests/Info.plist";
				LD_RUNPATH_SEARCH_PATHS = "$(inherited) @executable_path/Frameworks @loader_path/Frameworks";
				PRODUCT_BUNDLE_IDENTIFIER = "com.MichaelHaviv.Regular-KeyboardUITests";
				PRODUCT_NAME = "$(TARGET_NAME)";
				SWIFT_VERSION = 4.0;
				TARGETED_DEVICE_FAMILY = "1,2";
				TEST_TARGET_NAME = "Regular Keyboard";
			};
			name = Debug;
		};
		CC3DD34A1FE9E16E00E6F250 /* Release */ = {
			isa = XCBuildConfiguration;
			buildSettings = {
				ALWAYS_EMBED_SWIFT_STANDARD_LIBRARIES = YES;
				CODE_SIGN_STYLE = Automatic;
				INFOPLIST_FILE = "Regular KeyboardUITests/Info.plist";
				LD_RUNPATH_SEARCH_PATHS = "$(inherited) @executable_path/Frameworks @loader_path/Frameworks";
				PRODUCT_BUNDLE_IDENTIFIER = "com.MichaelHaviv.Regular-KeyboardUITests";
				PRODUCT_NAME = "$(TARGET_NAME)";
				SWIFT_VERSION = 4.0;
				TARGETED_DEVICE_FAMILY = "1,2";
				TEST_TARGET_NAME = "Regular Keyboard";
			};
			name = Release;
		};
		CC3DD3581FE9E4F400E6F250 /* Debug */ = {
			isa = XCBuildConfiguration;
			buildSettings = {
				CODE_SIGN_ENTITLEMENTS = keyboard/keyboard.entitlements;
				CODE_SIGN_STYLE = Automatic;
				DEVELOPMENT_TEAM = XM288BRHM4;
				INFOPLIST_FILE = keyboard/Info.plist;
				LD_RUNPATH_SEARCH_PATHS = "$(inherited) @executable_path/Frameworks @executable_path/../../Frameworks";
				PRODUCT_BUNDLE_IDENTIFIER = "com.MichaelHaviv.Regular-Keyboard.keyboard";
				PRODUCT_NAME = "$(TARGET_NAME)";
				SKIP_INSTALL = YES;
				SWIFT_VERSION = 4.0;
				TARGETED_DEVICE_FAMILY = "1,2";
			};
			name = Debug;
		};
		CC3DD3591FE9E4F400E6F250 /* Release */ = {
			isa = XCBuildConfiguration;
			buildSettings = {
				CODE_SIGN_ENTITLEMENTS = keyboard/keyboard.entitlements;
				CODE_SIGN_STYLE = Automatic;
				DEVELOPMENT_TEAM = XM288BRHM4;
				INFOPLIST_FILE = keyboard/Info.plist;
				LD_RUNPATH_SEARCH_PATHS = "$(inherited) @executable_path/Frameworks @executable_path/../../Frameworks";
				PRODUCT_BUNDLE_IDENTIFIER = "com.MichaelHaviv.Regular-Keyboard.keyboard";
				PRODUCT_NAME = "$(TARGET_NAME)";
				SKIP_INSTALL = YES;
				SWIFT_VERSION = 4.0;
				TARGETED_DEVICE_FAMILY = "1,2";
			};
			name = Release;
		};
/* End XCBuildConfiguration section */

/* Begin XCConfigurationList section */
		CC3DD3151FE9E16E00E6F250 /* Build configuration list for PBXProject "Regular Keyboard" */ = {
			isa = XCConfigurationList;
			buildConfigurations = (
				CC3DD3401FE9E16E00E6F250 /* Debug */,
				CC3DD3411FE9E16E00E6F250 /* Release */,
			);
			defaultConfigurationIsVisible = 0;
			defaultConfigurationName = Release;
		};
		CC3DD3421FE9E16E00E6F250 /* Build configuration list for PBXNativeTarget "Regular Keyboard" */ = {
			isa = XCConfigurationList;
			buildConfigurations = (
				CC3DD3431FE9E16E00E6F250 /* Debug */,
				CC3DD3441FE9E16E00E6F250 /* Release */,
			);
			defaultConfigurationIsVisible = 0;
			defaultConfigurationName = Release;
		};
		CC3DD3451FE9E16E00E6F250 /* Build configuration list for PBXNativeTarget "Regular KeyboardTests" */ = {
			isa = XCConfigurationList;
			buildConfigurations = (
				CC3DD3461FE9E16E00E6F250 /* Debug */,
				CC3DD3471FE9E16E00E6F250 /* Release */,
			);
			defaultConfigurationIsVisible = 0;
			defaultConfigurationName = Release;
		};
		CC3DD3481FE9E16E00E6F250 /* Build configuration list for PBXNativeTarget "Regular KeyboardUITests" */ = {
			isa = XCConfigurationList;
			buildConfigurations = (
				CC3DD3491FE9E16E00E6F250 /* Debug */,
				CC3DD34A1FE9E16E00E6F250 /* Release */,
			);
			defaultConfigurationIsVisible = 0;
			defaultConfigurationName = Release;
		};
		CC3DD3571FE9E4F400E6F250 /* Build configuration list for PBXNativeTarget "keyboard" */ = {
			isa = XCConfigurationList;
			buildConfigurations = (
				CC3DD3581FE9E4F400E6F250 /* Debug */,
				CC3DD3591FE9E4F400E6F250 /* Release */,
			);
			defaultConfigurationIsVisible = 0;
			defaultConfigurationName = Release;
		};
/* End XCConfigurationList section */
	};
	rootObject = CC3DD3121FE9E16E00E6F250 /* Project object */;
}
